
Microsoft Visual Studio Solution File, Format Version 12.00
# Visual Studio 2013
VisualStudioVersion = 12.0.21005.1
MinimumVisualStudioVersion = 10.0.40219.1
Project("{FAE04EC0-301F-11D3-BF4B-00C04F79EFBC}") = "ClipCommand", "ClipCommand\ClipCommand.csproj", "{1B94DA2B-F493-4DCC-BF76-4617F826380A}"
EndProject
Project("{FAE04EC0-301F-11D3-BF4B-00C04F79EFBC}") = "ClipCommand.UnitTest", "ClipCommand.UnitTest\ClipCommand.UnitTest.csproj", "{B7B166A0-B17E-4DF0-8D8F-CE6BBD3ACD98}"
EndProject
Project("{FAE04EC0-301F-11D3-BF4B-00C04F79EFBC}") = "DependencyServices", "DependencyServices\DependencyServices.csproj", "{D524F76B-4591-4CBC-BD18-3CD516321898}"
EndProject
Project("{FAE04EC0-301F-11D3-BF4B-00C04F79EFBC}") = "AdapterSet", "AdapterSet\AdapterSet.csproj", "{86DB0B35-26F0-4EA5-AC36-7D215B436418}"
EndProject
Global
	GlobalSection(SolutionConfigurationPlatforms) = preSolution
		Debug|Any CPU = Debug|Any CPU
		Release|Any CPU = Release|Any CPU
	EndGlobalSection
	GlobalSection(ProjectConfigurationPlatforms) = postSolution
		{1B94DA2B-F493-4DCC-BF76-4617F826380A}.Debug|Any CPU.ActiveCfg = Debug|Any CPU
		{1B94DA2B-F493-4DCC-BF76-4617F826380A}.Debug|Any CPU.Build.0 = Debug|Any CPU
		{1B94DA2B-F493-4DCC-BF76-4617F826380A}.Release|Any CPU.ActiveCfg = Release|Any CPU
		{1B94DA2B-F493-4DCC-BF76-4617F826380A}.Release|Any CPU.Build.0 = Release|Any CPU
		{B7B166A0-B17E-4DF0-8D8F-CE6BBD3ACD98}.Debug|Any CPU.ActiveCfg = Debug|Any CPU
		{B7B166A0-B17E-4DF0-8D8F-CE6BBD3ACD98}.Debug|Any CPU.Build.0 = Debug|Any CPU
		{B7B166A0-B17E-4DF0-8D8F-CE6BBD3ACD98}.Release|Any CPU.ActiveCfg = Release|Any CPU
		{B7B166A0-B17E-4DF0-8D8F-CE6BBD3ACD98}.Release|Any CPU.Build.0 = Release|Any CPU
		{D524F76B-4591-4CBC-BD18-3CD516321898}.Debug|Any CPU.ActiveCfg = Debug|Any CPU
		{D524F76B-4591-4CBC-BD18-3CD516321898}.Debug|Any CPU.Build.0 = Debug|Any CPU
		{D524F76B-4591-4CBC-BD18-3CD516321898}.Release|Any CPU.ActiveCfg = Release|Any CPU
		{D524F76B-4591-4CBC-BD18-3CD516321898}.Release|Any CPU.Build.0 = Release|Any CPU
		{86DB0B35-26F0-4EA5-AC36-7D215B436418}.Debug|Any CPU.ActiveCfg = Debug|Any CPU
		{86DB0B35-26F0-4EA5-AC36-7D215B436418}.Debug|Any CPU.Build.0 = Debug|Any CPU
		{86DB0B35-26F0-4EA5-AC36-7D215B436418}.Release|Any CPU.ActiveCfg = Release|Any CPU
		{86DB0B35-26F0-4EA5-AC36-7D215B436418}.Release|Any CPU.Build.0 = Release|Any CPU
	EndGlobalSection
	GlobalSection(SolutionProperties) = preSolution
		HideSolutionNode = FALSE
	EndGlobalSection
EndGlobal
